
Microsoft Visual Studio Solution File, Format Version 12.00
# Visual Studio 14
VisualStudioVersion = 14.0.24720.0
MinimumVisualStudioVersion = 10.0.40219.1
Project("{FAE04EC0-301F-11D3-BF4B-00C04F79EFBC}") = "Watermelon", "Watermelon\Watermelon.csproj", "{F9CC6E3C-9BB6-4C42-9D8C-F46976BB5784}"
EndProject
Global
	GlobalSection(SolutionConfigurationPlatforms) = preSolution
		Debug|Any CPU = Debug|Any CPU
		Release|Any CPU = Release|Any CPU
	EndGlobalSection
	GlobalSection(ProjectConfigurationPlatforms) = postSolution
		{F9CC6E3C-9BB6-4C42-9D8C-F46976BB5784}.Debug|Any CPU.ActiveCfg = Debug|Any CPU
		{F9CC6E3C-9BB6-4C42-9D8C-F46976BB5784}.Debug|Any CPU.Build.0 = Debug|Any CPU
		{F9CC6E3C-9BB6-4C42-9D8C-F46976BB5784}.Release|Any CPU.ActiveCfg = Release|Any CPU
		{F9CC6E3C-9BB6-4C42-9D8C-F46976BB5784}.Release|Any CPU.Build.0 = Release|Any CPU
	EndGlobalSection
	GlobalSection(SolutionProperties) = preSolution
		HideSolutionNode = FALSE
	EndGlobalSection
EndGlobal
